
Microsoft Visual Studio Solution File, Format Version 11.00
# Visual Studio 2010 Express for Windows Phone
Project("{FAE04EC0-301F-11D3-BF4B-00C04F79EFBC}") = "MusifyMyTube", "MusicMeTube\MusifyMyTube.csproj", "{248E8607-C654-4F5B-9CDA-A599085ABB3A}"
EndProject
Project("{FAE04EC0-301F-11D3-BF4B-00C04F79EFBC}") = "AudioPlaybackAgent", "AudioPlaybackAgent\AudioPlaybackAgent.csproj", "{9F39484D-E1E2-42D2-850A-4FDD053F0B30}"
EndProject
Project("{FAE04EC0-301F-11D3-BF4B-00C04F79EFBC}") = "Resources", "Online_YT_API\Resources.csproj", "{197BA2CE-B213-4475-8D2F-FF91C726DBA3}"
EndProject
Project("{FAE04EC0-301F-11D3-BF4B-00C04F79EFBC}") = "RTSP", "RTSP\RTSP.csproj", "{E79916FA-F69E-41D1-8376-1173ED8CB101}"
EndProject
Global
	GlobalSection(SolutionConfigurationPlatforms) = preSolution
		ASP|Any CPU = ASP|Any CPU
		Debug|Any CPU = Debug|Any CPU
		Release|Any CPU = Release|Any CPU
	EndGlobalSection
	GlobalSection(ProjectConfigurationPlatforms) = postSolution
		{248E8607-C654-4F5B-9CDA-A599085ABB3A}.ASP|Any CPU.ActiveCfg = Release|Any CPU
		{248E8607-C654-4F5B-9CDA-A599085ABB3A}.ASP|Any CPU.Build.0 = Release|Any CPU
		{248E8607-C654-4F5B-9CDA-A599085ABB3A}.ASP|Any CPU.Deploy.0 = Release|Any CPU
		{248E8607-C654-4F5B-9CDA-A599085ABB3A}.Debug|Any CPU.ActiveCfg = Debug|Any CPU
		{248E8607-C654-4F5B-9CDA-A599085ABB3A}.Debug|Any CPU.Build.0 = Debug|Any CPU
		{248E8607-C654-4F5B-9CDA-A599085ABB3A}.Debug|Any CPU.Deploy.0 = Debug|Any CPU
		{248E8607-C654-4F5B-9CDA-A599085ABB3A}.Release|Any CPU.ActiveCfg = Release|Any CPU
		{248E8607-C654-4F5B-9CDA-A599085ABB3A}.Release|Any CPU.Build.0 = Release|Any CPU
		{248E8607-C654-4F5B-9CDA-A599085ABB3A}.Release|Any CPU.Deploy.0 = Release|Any CPU
		{9F39484D-E1E2-42D2-850A-4FDD053F0B30}.ASP|Any CPU.ActiveCfg = Release|Any CPU
		{9F39484D-E1E2-42D2-850A-4FDD053F0B30}.ASP|Any CPU.Build.0 = Release|Any CPU
		{9F39484D-E1E2-42D2-850A-4FDD053F0B30}.Debug|Any CPU.ActiveCfg = Debug|Any CPU
		{9F39484D-E1E2-42D2-850A-4FDD053F0B30}.Debug|Any CPU.Build.0 = Debug|Any CPU
		{9F39484D-E1E2-42D2-850A-4FDD053F0B30}.Release|Any CPU.ActiveCfg = Release|Any CPU
		{9F39484D-E1E2-42D2-850A-4FDD053F0B30}.Release|Any CPU.Build.0 = Release|Any CPU
		{197BA2CE-B213-4475-8D2F-FF91C726DBA3}.ASP|Any CPU.ActiveCfg = Release|Any CPU
		{197BA2CE-B213-4475-8D2F-FF91C726DBA3}.ASP|Any CPU.Build.0 = Release|Any CPU
		{197BA2CE-B213-4475-8D2F-FF91C726DBA3}.Debug|Any CPU.ActiveCfg = Debug|Any CPU
		{197BA2CE-B213-4475-8D2F-FF91C726DBA3}.Debug|Any CPU.Build.0 = Debug|Any CPU
		{197BA2CE-B213-4475-8D2F-FF91C726DBA3}.Release|Any CPU.ActiveCfg = Release|Any CPU
		{197BA2CE-B213-4475-8D2F-FF91C726DBA3}.Release|Any CPU.Build.0 = Release|Any CPU
		{E79916FA-F69E-41D1-8376-1173ED8CB101}.ASP|Any CPU.ActiveCfg = Release|Any CPU
		{E79916FA-F69E-41D1-8376-1173ED8CB101}.ASP|Any CPU.Build.0 = Release|Any CPU
		{E79916FA-F69E-41D1-8376-1173ED8CB101}.Debug|Any CPU.ActiveCfg = Debug|Any CPU
		{E79916FA-F69E-41D1-8376-1173ED8CB101}.Debug|Any CPU.Build.0 = Debug|Any CPU
		{E79916FA-F69E-41D1-8376-1173ED8CB101}.Release|Any CPU.ActiveCfg = Release|Any CPU
		{E79916FA-F69E-41D1-8376-1173ED8CB101}.Release|Any CPU.Build.0 = Release|Any CPU
	EndGlobalSection
	GlobalSection(SolutionProperties) = preSolution
		HideSolutionNode = FALSE
	EndGlobalSection
EndGlobal
